// !$*UTF8*$!
{
	archiveVersion = 1;
	classes = {
	};
	objectVersion = 56;
	objects = {

/* Begin PBXBuildFile section */
		2160F5082CAC61F80056439B /* Swiftructure.docc in Sources */ = {isa = PBXBuildFile; fileRef = 2160F5072CAC61F80056439B /* Swiftructure.docc */; };
		2160F50E2CAC61F80056439B /* Swiftructure.framework in Frameworks */ = {isa = PBXBuildFile; fileRef = 2160F5032CAC61F80056439B /* Swiftructure.framework */; };
		2160F5132CAC61F80056439B /* SwiftructureTests.swift in Sources */ = {isa = PBXBuildFile; fileRef = 2160F5122CAC61F80056439B /* SwiftructureTests.swift */; };
		2160F5142CAC61F80056439B /* Swiftructure.h in Headers */ = {isa = PBXBuildFile; fileRef = 2160F5062CAC61F80056439B /* Swiftructure.h */; settings = {ATTRIBUTES = (Public, ); }; };
		2160F51E2CAC63780056439B /* BinaryTreeTestCase.swift in Sources */ = {isa = PBXBuildFile; fileRef = 2160F51D2CAC63780056439B /* BinaryTreeTestCase.swift */; };
		2160F5202CAC69650056439B /* BinaryNode.swift in Sources */ = {isa = PBXBuildFile; fileRef = 2160F51F2CAC69650056439B /* BinaryNode.swift */; };
		2160F5222CAC95070056439B /* Stack.swift in Sources */ = {isa = PBXBuildFile; fileRef = 2160F5212CAC95070056439B /* Stack.swift */; };
		2160F5242CAC95CC0056439B /* StackTestCase.swift in Sources */ = {isa = PBXBuildFile; fileRef = 2160F5232CAC95CC0056439B /* StackTestCase.swift */; };
/* End PBXBuildFile section */

/* Begin PBXContainerItemProxy section */
		2160F50F2CAC61F80056439B /* PBXContainerItemProxy */ = {
			isa = PBXContainerItemProxy;
			containerPortal = 2160F4FA2CAC61F80056439B /* Project object */;
			proxyType = 1;
			remoteGlobalIDString = 2160F5022CAC61F80056439B;
			remoteInfo = Swiftructure;
		};
/* End PBXContainerItemProxy section */

/* Begin PBXFileReference section */
		2160F5032CAC61F80056439B /* Swiftructure.framework */ = {isa = PBXFileReference; explicitFileType = wrapper.framework; includeInIndex = 0; path = Swiftructure.framework; sourceTree = BUILT_PRODUCTS_DIR; };
		2160F5062CAC61F80056439B /* Swiftructure.h */ = {isa = PBXFileReference; lastKnownFileType = sourcecode.c.h; path = Swiftructure.h; sourceTree = "<group>"; };
		2160F5072CAC61F80056439B /* Swiftructure.docc */ = {isa = PBXFileReference; lastKnownFileType = folder.documentationcatalog; path = Swiftructure.docc; sourceTree = "<group>"; };
		2160F50D2CAC61F80056439B /* SwiftructureTests.xctest */ = {isa = PBXFileReference; explicitFileType = wrapper.cfbundle; includeInIndex = 0; path = SwiftructureTests.xctest; sourceTree = BUILT_PRODUCTS_DIR; };
		2160F5122CAC61F80056439B /* SwiftructureTests.swift */ = {isa = PBXFileReference; lastKnownFileType = sourcecode.swift; path = SwiftructureTests.swift; sourceTree = "<group>"; };
		2160F51D2CAC63780056439B /* BinaryTreeTestCase.swift */ = {isa = PBXFileReference; lastKnownFileType = sourcecode.swift; path = BinaryTreeTestCase.swift; sourceTree = "<group>"; };
		2160F51F2CAC69650056439B /* BinaryNode.swift */ = {isa = PBXFileReference; lastKnownFileType = sourcecode.swift; path = BinaryNode.swift; sourceTree = "<group>"; };
		2160F5212CAC95070056439B /* Stack.swift */ = {isa = PBXFileReference; lastKnownFileType = sourcecode.swift; path = Stack.swift; sourceTree = "<group>"; };
		2160F5232CAC95CC0056439B /* StackTestCase.swift */ = {isa = PBXFileReference; lastKnownFileType = sourcecode.swift; path = StackTestCase.swift; sourceTree = "<group>"; };
/* End PBXFileReference section */

/* Begin PBXFrameworksBuildPhase section */
		2160F5002CAC61F80056439B /* Frameworks */ = {
			isa = PBXFrameworksBuildPhase;
			buildActionMask = 2147483647;
			files = (
			);
			runOnlyForDeploymentPostprocessing = 0;
		};
		2160F50A2CAC61F80056439B /* Frameworks */ = {
			isa = PBXFrameworksBuildPhase;
			buildActionMask = 2147483647;
			files = (
				2160F50E2CAC61F80056439B /* Swiftructure.framework in Frameworks */,
			);
			runOnlyForDeploymentPostprocessing = 0;
		};
/* End PBXFrameworksBuildPhase section */

/* Begin PBXGroup section */
		2160F4F92CAC61F80056439B = {
			isa = PBXGroup;
			children = (
				2160F5052CAC61F80056439B /* Swiftructure */,
				2160F5112CAC61F80056439B /* SwiftructureTests */,
				2160F5042CAC61F80056439B /* Products */,
			);
			sourceTree = "<group>";
		};
		2160F5042CAC61F80056439B /* Products */ = {
			isa = PBXGroup;
			children = (
				2160F5032CAC61F80056439B /* Swiftructure.framework */,
				2160F50D2CAC61F80056439B /* SwiftructureTests.xctest */,
			);
			name = Products;
			sourceTree = "<group>";
		};
		2160F5052CAC61F80056439B /* Swiftructure */ = {
			isa = PBXGroup;
			children = (
				2160F5062CAC61F80056439B /* Swiftructure.h */,
				2160F51F2CAC69650056439B /* BinaryNode.swift */,
				2160F5212CAC95070056439B /* Stack.swift */,
				2160F5072CAC61F80056439B /* Swiftructure.docc */,
			);
			path = Swiftructure;
			sourceTree = "<group>";
		};
		2160F5112CAC61F80056439B /* SwiftructureTests */ = {
			isa = PBXGroup;
			children = (
				2160F5122CAC61F80056439B /* SwiftructureTests.swift */,
				2160F51D2CAC63780056439B /* BinaryTreeTestCase.swift */,
				2160F5232CAC95CC0056439B /* StackTestCase.swift */,
			);
			path = SwiftructureTests;
			sourceTree = "<group>";
		};
/* End PBXGroup section */

/* Begin PBXHeadersBuildPhase section */
		2160F4FE2CAC61F80056439B /* Headers */ = {
			isa = PBXHeadersBuildPhase;
			buildActionMask = 2147483647;
			files = (
				2160F5142CAC61F80056439B /* Swiftructure.h in Headers */,
			);
			runOnlyForDeploymentPostprocessing = 0;
		};
/* End PBXHeadersBuildPhase section */

/* Begin PBXNativeTarget section */
		2160F5022CAC61F80056439B /* Swiftructure */ = {
			isa = PBXNativeTarget;
			buildConfigurationList = 2160F5172CAC61F80056439B /* Build configuration list for PBXNativeTarget "Swiftructure" */;
			buildPhases = (
				2160F4FE2CAC61F80056439B /* Headers */,
				2160F4FF2CAC61F80056439B /* Sources */,
				2160F5002CAC61F80056439B /* Frameworks */,
				2160F5012CAC61F80056439B /* Resources */,
			);
			buildRules = (
			);
			dependencies = (
			);
			name = Swiftructure;
			productName = Swiftructure;
			productReference = 2160F5032CAC61F80056439B /* Swiftructure.framework */;
			productType = "com.apple.product-type.framework";
		};
		2160F50C2CAC61F80056439B /* SwiftructureTests */ = {
			isa = PBXNativeTarget;
			buildConfigurationList = 2160F51A2CAC61F80056439B /* Build configuration list for PBXNativeTarget "SwiftructureTests" */;
			buildPhases = (
				2160F5092CAC61F80056439B /* Sources */,
				2160F50A2CAC61F80056439B /* Frameworks */,
				2160F50B2CAC61F80056439B /* Resources */,
			);
			buildRules = (
			);
			dependencies = (
				2160F5102CAC61F80056439B /* PBXTargetDependency */,
			);
			name = SwiftructureTests;
			productName = SwiftructureTests;
			productReference = 2160F50D2CAC61F80056439B /* SwiftructureTests.xctest */;
			productType = "com.apple.product-type.bundle.unit-test";
		};
/* End PBXNativeTarget section */

/* Begin PBXProject section */
		2160F4FA2CAC61F80056439B /* Project object */ = {
			isa = PBXProject;
			attributes = {
				BuildIndependentTargetsInParallel = 1;
				LastSwiftUpdateCheck = 1510;
				LastUpgradeCheck = 1510;
				TargetAttributes = {
					2160F5022CAC61F80056439B = {
						CreatedOnToolsVersion = 15.1;
					};
					2160F50C2CAC61F80056439B = {
						CreatedOnToolsVersion = 15.1;
					};
				};
			};
			buildConfigurationList = 2160F4FD2CAC61F80056439B /* Build configuration list for PBXProject "Swiftructure" */;
			compatibilityVersion = "Xcode 14.0";
			developmentRegion = en;
			hasScannedForEncodings = 0;
			knownRegions = (
				en,
				Base,
			);
			mainGroup = 2160F4F92CAC61F80056439B;
			productRefGroup = 2160F5042CAC61F80056439B /* Products */;
			projectDirPath = "";
			projectRoot = "";
			targets = (
				2160F5022CAC61F80056439B /* Swiftructure */,
				2160F50C2CAC61F80056439B /* SwiftructureTests */,
			);
		};
/* End PBXProject section */

/* Begin PBXResourcesBuildPhase section */
		2160F5012CAC61F80056439B /* Resources */ = {
			isa = PBXResourcesBuildPhase;
			buildActionMask = 2147483647;
			files = (
			);
			runOnlyForDeploymentPostprocessing = 0;
		};
		2160F50B2CAC61F80056439B /* Resources */ = {
			isa = PBXResourcesBuildPhase;
			buildActionMask = 2147483647;
			files = (
			);
			runOnlyForDeploymentPostprocessing = 0;
		};
/* End PBXResourcesBuildPhase section */

/* Begin PBXSourcesBuildPhase section */
		2160F4FF2CAC61F80056439B /* Sources */ = {
			isa = PBXSourcesBuildPhase;
			buildActionMask = 2147483647;
			files = (
				2160F5202CAC69650056439B /* BinaryNode.swift in Sources */,
				2160F5222CAC95070056439B /* Stack.swift in Sources */,
				2160F5082CAC61F80056439B /* Swiftructure.docc in Sources */,
			);
			runOnlyForDeploymentPostprocessing = 0;
		};
		2160F5092CAC61F80056439B /* Sources */ = {
			isa = PBXSourcesBuildPhase;
			buildActionMask = 2147483647;
			files = (
				2160F51E2CAC63780056439B /* BinaryTreeTestCase.swift in Sources */,
				2160F5132CAC61F80056439B /* SwiftructureTests.swift in Sources */,
				2160F5242CAC95CC0056439B /* StackTestCase.swift in Sources */,
			);
			runOnlyForDeploymentPostprocessing = 0;
		};
/* End PBXSourcesBuildPhase section */

/* Begin PBXTargetDependency section */
		2160F5102CAC61F80056439B /* PBXTargetDependency */ = {
			isa = PBXTargetDependency;
			target = 2160F5022CAC61F80056439B /* Swiftructure */;
			targetProxy = 2160F50F2CAC61F80056439B /* PBXContainerItemProxy */;
		};
/* End PBXTargetDependency section */

/* Begin XCBuildConfiguration section */
		2160F5152CAC61F80056439B /* Debug */ = {
			isa = XCBuildConfiguration;
			buildSettings = {
				ALWAYS_SEARCH_USER_PATHS = NO;
				ASSETCATALOG_COMPILER_GENERATE_SWIFT_ASSET_SYMBOL_EXTENSIONS = YES;
				CLANG_ANALYZER_NONNULL = YES;
				CLANG_ANALYZER_NUMBER_OBJECT_CONVERSION = YES_AGGRESSIVE;
				CLANG_CXX_LANGUAGE_STANDARD = "gnu++20";
				CLANG_ENABLE_MODULES = YES;
				CLANG_ENABLE_OBJC_ARC = YES;
				CLANG_ENABLE_OBJC_WEAK = YES;
				CLANG_WARN_BLOCK_CAPTURE_AUTORELEASING = YES;
				CLANG_WARN_BOOL_CONVERSION = YES;
				CLANG_WARN_COMMA = YES;
				CLANG_WARN_CONSTANT_CONVERSION = YES;
				CLANG_WARN_DEPRECATED_OBJC_IMPLEMENTATIONS = YES;
				CLANG_WARN_DIRECT_OBJC_ISA_USAGE = YES_ERROR;
				CLANG_WARN_DOCUMENTATION_COMMENTS = YES;
				CLANG_WARN_EMPTY_BODY = YES;
				CLANG_WARN_ENUM_CONVERSION = YES;
				CLANG_WARN_INFINITE_RECURSION = YES;
				CLANG_WARN_INT_CONVERSION = YES;
				CLANG_WARN_NON_LITERAL_NULL_CONVERSION = YES;
				CLANG_WARN_OBJC_IMPLICIT_RETAIN_SELF = YES;
				CLANG_WARN_OBJC_LITERAL_CONVERSION = YES;
				CLANG_WARN_OBJC_ROOT_CLASS = YES_ERROR;
				CLANG_WARN_QUOTED_INCLUDE_IN_FRAMEWORK_HEADER = YES;
				CLANG_WARN_RANGE_LOOP_ANALYSIS = YES;
				CLANG_WARN_STRICT_PROTOTYPES = YES;
				CLANG_WARN_SUSPICIOUS_MOVE = YES;
				CLANG_WARN_UNGUARDED_AVAILABILITY = YES_AGGRESSIVE;
				CLANG_WARN_UNREACHABLE_CODE = YES;
				CLANG_WARN__DUPLICATE_METHOD_MATCH = YES;
				COPY_PHASE_STRIP = NO;
				CURRENT_PROJECT_VERSION = 1;
				DEBUG_INFORMATION_FORMAT = dwarf;
				ENABLE_STRICT_OBJC_MSGSEND = YES;
				ENABLE_TESTABILITY = YES;
				ENABLE_USER_SCRIPT_SANDBOXING = YES;
				GCC_C_LANGUAGE_STANDARD = gnu17;
				GCC_DYNAMIC_NO_PIC = NO;
				GCC_NO_COMMON_BLOCKS = YES;
				GCC_OPTIMIZATION_LEVEL = 0;
				GCC_PREPROCESSOR_DEFINITIONS = (
					"DEBUG=1",
					"$(inherited)",
				);
				GCC_WARN_64_TO_32_BIT_CONVERSION = YES;
				GCC_WARN_ABOUT_RETURN_TYPE = YES_ERROR;
				GCC_WARN_UNDECLARED_SELECTOR = YES;
				GCC_WARN_UNINITIALIZED_AUTOS = YES_AGGRESSIVE;
				GCC_WARN_UNUSED_FUNCTION = YES;
				GCC_WARN_UNUSED_VARIABLE = YES;
				LOCALIZATION_PREFERS_STRING_CATALOGS = YES;
				MACOSX_DEPLOYMENT_TARGET = 14.2;
				MTL_ENABLE_DEBUG_INFO = INCLUDE_SOURCE;
				MTL_FAST_MATH = YES;
				ONLY_ACTIVE_ARCH = YES;
				SDKROOT = macosx;
				SWIFT_ACTIVE_COMPILATION_CONDITIONS = "DEBUG $(inherited)";
				SWIFT_OPTIMIZATION_LEVEL = "-Onone";
				VERSIONING_SYSTEM = "apple-generic";
				VERSION_INFO_PREFIX = "";
			};
			name = Debug;
		};
		2160F5162CAC61F80056439B /* Release */ = {
			isa = XCBuildConfiguration;
			buildSettings = {
				ALWAYS_SEARCH_USER_PATHS = NO;
				ASSETCATALOG_COMPILER_GENERATE_SWIFT_ASSET_SYMBOL_EXTENSIONS = YES;
				CLANG_ANALYZER_NONNULL = YES;
				CLANG_ANALYZER_NUMBER_OBJECT_CONVERSION = YES_AGGRESSIVE;
				CLANG_CXX_LANGUAGE_STANDARD = "gnu++20";
				CLANG_ENABLE_MODULES = YES;
				CLANG_ENABLE_OBJC_ARC = YES;
				CLANG_ENABLE_OBJC_WEAK = YES;
				CLANG_WARN_BLOCK_CAPTURE_AUTORELEASING = YES;
				CLANG_WARN_BOOL_CONVERSION = YES;
				CLANG_WARN_COMMA = YES;
				CLANG_WARN_CONSTANT_CONVERSION = YES;
				CLANG_WARN_DEPRECATED_OBJC_IMPLEMENTATIONS = YES;
				CLANG_WARN_DIRECT_OBJC_ISA_USAGE = YES_ERROR;
				CLANG_WARN_DOCUMENTATION_COMMENTS = YES;
				CLANG_WARN_EMPTY_BODY = YES;
				CLANG_WARN_ENUM_CONVERSION = YES;
				CLANG_WARN_INFINITE_RECURSION = YES;
				CLANG_WARN_INT_CONVERSION = YES;
				CLANG_WARN_NON_LITERAL_NULL_CONVERSION = YES;
				CLANG_WARN_OBJC_IMPLICIT_RETAIN_SELF = YES;
				CLANG_WARN_OBJC_LITERAL_CONVERSION = YES;
				CLANG_WARN_OBJC_ROOT_CLASS = YES_ERROR;
				CLANG_WARN_QUOTED_INCLUDE_IN_FRAMEWORK_HEADER = YES;
				CLANG_WARN_RANGE_LOOP_ANALYSIS = YES;
				CLANG_WARN_STRICT_PROTOTYPES = YES;
				CLANG_WARN_SUSPICIOUS_MOVE = YES;
				CLANG_WARN_UNGUARDED_AVAILABILITY = YES_AGGRESSIVE;
				CLANG_WARN_UNREACHABLE_CODE = YES;
				CLANG_WARN__DUPLICATE_METHOD_MATCH = YES;
				COPY_PHASE_STRIP = NO;
				CURRENT_PROJECT_VERSION = 1;
				DEBUG_INFORMATION_FORMAT = "dwarf-with-dsym";
				ENABLE_NS_ASSERTIONS = NO;
				ENABLE_STRICT_OBJC_MSGSEND = YES;
				ENABLE_USER_SCRIPT_SANDBOXING = YES;
				GCC_C_LANGUAGE_STANDARD = gnu17;
				GCC_NO_COMMON_BLOCKS = YES;
				GCC_WARN_64_TO_32_BIT_CONVERSION = YES;
				GCC_WARN_ABOUT_RETURN_TYPE = YES_ERROR;
				GCC_WARN_UNDECLARED_SELECTOR = YES;
				GCC_WARN_UNINITIALIZED_AUTOS = YES_AGGRESSIVE;
				GCC_WARN_UNUSED_FUNCTION = YES;
				GCC_WARN_UNUSED_VARIABLE = YES;
				LOCALIZATION_PREFERS_STRING_CATALOGS = YES;
				MACOSX_DEPLOYMENT_TARGET = 14.2;
				MTL_ENABLE_DEBUG_INFO = NO;
				MTL_FAST_MATH = YES;
				SDKROOT = macosx;
				SWIFT_COMPILATION_MODE = wholemodule;
				VERSIONING_SYSTEM = "apple-generic";
				VERSION_INFO_PREFIX = "";
			};
			name = Release;
		};
		2160F5182CAC61F80056439B /* Debug */ = {
			isa = XCBuildConfiguration;
			buildSettings = {
				CODE_SIGN_STYLE = Automatic;
				COMBINE_HIDPI_IMAGES = YES;
				CURRENT_PROJECT_VERSION = 1;
				DEFINES_MODULE = YES;
				DEVELOPMENT_TEAM = ZWS839S5XM;
				DYLIB_COMPATIBILITY_VERSION = 1;
				DYLIB_CURRENT_VERSION = 1;
				DYLIB_INSTALL_NAME_BASE = "@rpath";
				ENABLE_MODULE_VERIFIER = YES;
				GENERATE_INFOPLIST_FILE = YES;
				INFOPLIST_KEY_NSHumanReadableCopyright = "";
				INSTALL_PATH = "$(LOCAL_LIBRARY_DIR)/Frameworks";
				LD_RUNPATH_SEARCH_PATHS = (
					"$(inherited)",
					"@executable_path/../Frameworks",
					"@loader_path/Frameworks",
				);
				MARKETING_VERSION = 1.0;
				MODULE_VERIFIER_SUPPORTED_LANGUAGES = "objective-c objective-c++";
				MODULE_VERIFIER_SUPPORTED_LANGUAGE_STANDARDS = "gnu17 gnu++20";
				PRODUCT_BUNDLE_IDENTIFIER = com.swiftorial.Swiftructure;
				PRODUCT_NAME = "$(TARGET_NAME:c99extidentifier)";
				SKIP_INSTALL = YES;
				SWIFT_EMIT_LOC_STRINGS = YES;
				SWIFT_VERSION = 5.0;
			};
			name = Debug;
		};
		2160F5192CAC61F80056439B /* Release */ = {
			isa = XCBuildConfiguration;
			buildSettings = {
				CODE_SIGN_STYLE = Automatic;
				COMBINE_HIDPI_IMAGES = YES;
				CURRENT_PROJECT_VERSION = 1;
				DEFINES_MODULE = YES;
				DEVELOPMENT_TEAM = ZWS839S5XM;
				DYLIB_COMPATIBILITY_VERSION = 1;
				DYLIB_CURRENT_VERSION = 1;
				DYLIB_INSTALL_NAME_BASE = "@rpath";
				ENABLE_MODULE_VERIFIER = YES;
				GENERATE_INFOPLIST_FILE = YES;
				INFOPLIST_KEY_NSHumanReadableCopyright = "";
				INSTALL_PATH = "$(LOCAL_LIBRARY_DIR)/Frameworks";
				LD_RUNPATH_SEARCH_PATHS = (
					"$(inherited)",
					"@executable_path/../Frameworks",
					"@loader_path/Frameworks",
				);
				MARKETING_VERSION = 1.0;
				MODULE_VERIFIER_SUPPORTED_LANGUAGES = "objective-c objective-c++";
				MODULE_VERIFIER_SUPPORTED_LANGUAGE_STANDARDS = "gnu17 gnu++20";
				PRODUCT_BUNDLE_IDENTIFIER = com.swiftorial.Swiftructure;
				PRODUCT_NAME = "$(TARGET_NAME:c99extidentifier)";
				SKIP_INSTALL = YES;
				SWIFT_EMIT_LOC_STRINGS = YES;
				SWIFT_VERSION = 5.0;
			};
			name = Release;
		};
		2160F51B2CAC61F80056439B /* Debug */ = {
			isa = XCBuildConfiguration;
			buildSettings = {
				ALWAYS_EMBED_SWIFT_STANDARD_LIBRARIES = YES;
				CODE_SIGN_STYLE = Automatic;
				CURRENT_PROJECT_VERSION = 1;
				DEVELOPMENT_TEAM = ZWS839S5XM;
				GENERATE_INFOPLIST_FILE = YES;
				MARKETING_VERSION = 1.0;
				PRODUCT_BUNDLE_IDENTIFIER = com.swiftorial.SwiftructureTests;
				PRODUCT_NAME = "$(TARGET_NAME)";
				SWIFT_EMIT_LOC_STRINGS = NO;
				SWIFT_VERSION = 5.0;
			};
			name = Debug;
		};
		2160F51C2CAC61F80056439B /* Release */ = {
			isa = XCBuildConfiguration;
			buildSettings = {
				ALWAYS_EMBED_SWIFT_STANDARD_LIBRARIES = YES;
				CODE_SIGN_STYLE = Automatic;
				CURRENT_PROJECT_VERSION = 1;
				DEVELOPMENT_TEAM = ZWS839S5XM;
				GENERATE_INFOPLIST_FILE = YES;
				MARKETING_VERSION = 1.0;
				PRODUCT_BUNDLE_IDENTIFIER = com.swiftorial.SwiftructureTests;
				PRODUCT_NAME = "$(TARGET_NAME)";
				SWIFT_EMIT_LOC_STRINGS = NO;
				SWIFT_VERSION = 5.0;
			};
			name = Release;
		};
/* End XCBuildConfiguration section */

/* Begin XCConfigurationList section */
		2160F4FD2CAC61F80056439B /* Build configuration list for PBXProject "Swiftructure" */ = {
			isa = XCConfigurationList;
			buildConfigurations = (
				2160F5152CAC61F80056439B /* Debug */,
				2160F5162CAC61F80056439B /* Release */,
			);
			defaultConfigurationIsVisible = 0;
			defaultConfigurationName = Release;
		};
		2160F5172CAC61F80056439B /* Build configuration list for PBXNativeTarget "Swiftructure" */ = {
			isa = XCConfigurationList;
			buildConfigurations = (
				2160F5182CAC61F80056439B /* Debug */,
				2160F5192CAC61F80056439B /* Release */,
			);
			defaultConfigurationIsVisible = 0;
			defaultConfigurationName = Release;
		};
		2160F51A2CAC61F80056439B /* Build configuration list for PBXNativeTarget "SwiftructureTests" */ = {
			isa = XCConfigurationList;
			buildConfigurations = (
				2160F51B2CAC61F80056439B /* Debug */,
				2160F51C2CAC61F80056439B /* Release */,
			);
			defaultConfigurationIsVisible = 0;
			defaultConfigurationName = Release;
		};
/* End XCConfigurationList section */
	};
	rootObject = 2160F4FA2CAC61F80056439B /* Project object */;
}
